
Microsoft Visual Studio Solution File, Format Version 12.00
# Visual Studio Version 17
VisualStudioVersion = 17.2.32602.215
MinimumVisualStudioVersion = 10.0.40219.1
Project("{FAE04EC0-301F-11D3-BF4B-00C04F79EFBC}") = "LeetCode", "LeetCode.csproj", "{7097D644-2406-4F8E-9BEF-5D2FD63BBF11}"
EndProject
Global
	GlobalSection(SolutionConfigurationPlatforms) = preSolution
		Debug|Any CPU = Debug|Any CPU
		Release|Any CPU = Release|Any CPU
	EndGlobalSection
	GlobalSection(ProjectConfigurationPlatforms) = postSolution
		{7097D644-2406-4F8E-9BEF-5D2FD63BBF11}.Debug|Any CPU.ActiveCfg = Debug|Any CPU
		{7097D644-2406-4F8E-9BEF-5D2FD63BBF11}.Debug|Any CPU.Build.0 = Debug|Any CPU
		{7097D644-2406-4F8E-9BEF-5D2FD63BBF11}.Release|Any CPU.ActiveCfg = Release|Any CPU
		{7097D644-2406-4F8E-9BEF-5D2FD63BBF11}.Release|Any CPU.Build.0 = Release|Any CPU
	EndGlobalSection
	GlobalSection(SolutionProperties) = preSolution
		HideSolutionNode = FALSE
	EndGlobalSection
	GlobalSection(ExtensibilityGlobals) = postSolution
		SolutionGuid = {37635005-9CD4-4802-8C2C-A9C6D265754B}
	EndGlobalSection
EndGlobal
