
Microsoft Visual Studio Solution File, Format Version 12.00
# Visual Studio Version 17
VisualStudioVersion = 17.2.32602.215
MinimumVisualStudioVersion = 10.0.40219.1
Project("{9A19103F-16F7-4668-BE54-9A1E7A4F7556}") = "LeetCode.Library", "LeetCode.Library\LeetCode.Library.csproj", "{4DF6A8E8-6DFB-4DB5-BEF6-3216D586E7A3}"
EndProject
Project("{FAE04EC0-301F-11D3-BF4B-00C04F79EFBC}") = "LeetCode.UnitTests", "LeetCode.UnitTests\LeetCode.UnitTests.csproj", "{7EA09EE0-22D8-48FF-B790-14D02071F860}"
EndProject
Global
	GlobalSection(SolutionConfigurationPlatforms) = preSolution
		Debug|Any CPU = Debug|Any CPU
		Release|Any CPU = Release|Any CPU
	EndGlobalSection
	GlobalSection(ProjectConfigurationPlatforms) = postSolution
		{4DF6A8E8-6DFB-4DB5-BEF6-3216D586E7A3}.Debug|Any CPU.ActiveCfg = Debug|Any CPU
		{4DF6A8E8-6DFB-4DB5-BEF6-3216D586E7A3}.Debug|Any CPU.Build.0 = Debug|Any CPU
		{4DF6A8E8-6DFB-4DB5-BEF6-3216D586E7A3}.Release|Any CPU.ActiveCfg = Release|Any CPU
		{4DF6A8E8-6DFB-4DB5-BEF6-3216D586E7A3}.Release|Any CPU.Build.0 = Release|Any CPU
		{7EA09EE0-22D8-48FF-B790-14D02071F860}.Debug|Any CPU.ActiveCfg = Debug|Any CPU
		{7EA09EE0-22D8-48FF-B790-14D02071F860}.Debug|Any CPU.Build.0 = Debug|Any CPU
		{7EA09EE0-22D8-48FF-B790-14D02071F860}.Release|Any CPU.ActiveCfg = Release|Any CPU
		{7EA09EE0-22D8-48FF-B790-14D02071F860}.Release|Any CPU.Build.0 = Release|Any CPU
	EndGlobalSection
	GlobalSection(SolutionProperties) = preSolution
		HideSolutionNode = FALSE
	EndGlobalSection
	GlobalSection(ExtensibilityGlobals) = postSolution
		SolutionGuid = {97BF8091-BF9E-4459-AA84-02ABE54B9295}
	EndGlobalSection
EndGlobal
